
Microsoft Visual Studio Solution File, Format Version 12.00
# Visual Studio Version 16
VisualStudioVersion = 16.0.31321.278
MinimumVisualStudioVersion = 10.0.40219.1
Project("{FAE04EC0-301F-11D3-BF4B-00C04F79EFBC}") = "AsmBoBo", "AsmBoBo.csproj", "{71B7A507-FE6F-4284-AA7B-876A1BAAFA85}"
EndProject
Global
	GlobalSection(SolutionConfigurationPlatforms) = preSolution
		Debug|Any CPU = Debug|Any CPU
		Release|Any CPU = Release|Any CPU
	EndGlobalSection
	GlobalSection(ProjectConfigurationPlatforms) = postSolution
		{71B7A507-FE6F-4284-AA7B-876A1BAAFA85}.Debug|Any CPU.ActiveCfg = Debug|Any CPU
		{71B7A507-FE6F-4284-AA7B-876A1BAAFA85}.Debug|Any CPU.Build.0 = Debug|Any CPU
		{71B7A507-FE6F-4284-AA7B-876A1BAAFA85}.Release|Any CPU.ActiveCfg = Release|Any CPU
		{71B7A507-FE6F-4284-AA7B-876A1BAAFA85}.Release|Any CPU.Build.0 = Release|Any CPU
	EndGlobalSection
	GlobalSection(SolutionProperties) = preSolution
		HideSolutionNode = FALSE
	EndGlobalSection
	GlobalSection(ExtensibilityGlobals) = postSolution
		SolutionGuid = {235E2840-D7CD-4FEE-A8AB-39344872808D}
	EndGlobalSection
EndGlobal
